# THIS IS AN AUTOGENERATED FILE. DO NOT EDIT THIS FILE DIRECTLY.
# yarn lockfile v1


jquery-warn-before-unload@^1.0.4:
  version "1.0.4"
  resolved "https://registry.yarnpkg.com/jquery-warn-before-unload/-/jquery-warn-before-unload-1.0.4.tgz#b642e4151c50131c886f3e613e9bb9dde4fcd22a"
  integrity sha1-tkLkFRxQExyIbz5hPpu53eT80io=
